
Microsoft Visual Studio Solution File, Format Version 12.00
# Visual Studio 11
Project("{FAE04EC0-301F-11D3-BF4B-00C04F79EFBC}") = "csumtree", "csumtree.csproj", "{5EB3FC40-6B89-4330-949F-8F0D283AE763}"
EndProject
Global
	GlobalSection(SolutionConfigurationPlatforms) = preSolution
		Debug|Any CPU = Debug|Any CPU
		Release|Any CPU = Release|Any CPU
	EndGlobalSection
	GlobalSection(ProjectConfigurationPlatforms) = postSolution
		{5EB3FC40-6B89-4330-949F-8F0D283AE763}.Debug|Any CPU.ActiveCfg = Debug|Any CPU
		{5EB3FC40-6B89-4330-949F-8F0D283AE763}.Debug|Any CPU.Build.0 = Debug|Any CPU
		{5EB3FC40-6B89-4330-949F-8F0D283AE763}.Release|Any CPU.ActiveCfg = Release|Any CPU
		{5EB3FC40-6B89-4330-949F-8F0D283AE763}.Release|Any CPU.Build.0 = Release|Any CPU
	EndGlobalSection
	GlobalSection(SolutionProperties) = preSolution
		HideSolutionNode = FALSE
	EndGlobalSection
EndGlobal
